
Microsoft Visual Studio Solution File, Format Version 12.00
# Visual Studio Version 17
VisualStudioVersion = 17.11.35219.272
MinimumVisualStudioVersion = 10.0.40219.1
Project("{FAE04EC0-301F-11D3-BF4B-00C04F79EFBC}") = "CrudApp", "CrudApp\CrudApp.csproj", "{690AB323-B784-408A-8D84-AAA20B603706}"
EndProject
Global
	GlobalSection(SolutionConfigurationPlatforms) = preSolution
		Debug|Any CPU = Debug|Any CPU
		Release|Any CPU = Release|Any CPU
	EndGlobalSection
	GlobalSection(ProjectConfigurationPlatforms) = postSolution
		{690AB323-B784-408A-8D84-AAA20B603706}.Debug|Any CPU.ActiveCfg = Debug|Any CPU
		{690AB323-B784-408A-8D84-AAA20B603706}.Debug|Any CPU.Build.0 = Debug|Any CPU
		{690AB323-B784-408A-8D84-AAA20B603706}.Release|Any CPU.ActiveCfg = Release|Any CPU
		{690AB323-B784-408A-8D84-AAA20B603706}.Release|Any CPU.Build.0 = Release|Any CPU
	EndGlobalSection
	GlobalSection(SolutionProperties) = preSolution
		HideSolutionNode = FALSE
	EndGlobalSection
	GlobalSection(ExtensibilityGlobals) = postSolution
		SolutionGuid = {61C0267B-372D-4018-AC45-23BF64BED33F}
	EndGlobalSection
EndGlobal
